
Microsoft Visual Studio Solution File, Format Version 12.00
# Visual Studio Version 17
VisualStudioVersion = 17.11.35312.102
MinimumVisualStudioVersion = 10.0.40219.1
Project("{FAE04EC0-301F-11D3-BF4B-00C04F79EFBC}") = "CompanyPortal.API", "CompanyPortal.API\CompanyPortal.API.csproj", "{AD52EF19-DE50-41BE-BCB5-CD48EC0BA3AB}"
EndProject
Project("{FAE04EC0-301F-11D3-BF4B-00C04F79EFBC}") = "CompanyPortal.BLL", "CompanyPortal.BLL\CompanyPortal.BLL.csproj", "{9BE082C1-BE2F-4E12-8A91-B4FBEA3CD66D}"
EndProject
Project("{FAE04EC0-301F-11D3-BF4B-00C04F79EFBC}") = "CompanyPortal.DAL", "CompanyPortal.DAL\CompanyPortal.DAL.csproj", "{30B5428A-D4EE-4B62-AA9A-87DCB1855182}"
EndProject
Project("{FAE04EC0-301F-11D3-BF4B-00C04F79EFBC}") = "CompanyPortal.DTO", "CompanyPortal.DTO\CompanyPortal.DTO.csproj", "{E22E5F5B-CFC7-4DBD-9405-C74F01256D14}"
EndProject
Project("{FAE04EC0-301F-11D3-BF4B-00C04F79EFBC}") = "CompanyPortal.Test", "CompanyPortal.Test\CompanyPortal.Test.csproj", "{9371A4E4-20AF-4A73-A0DF-7924667254FC}"
EndProject
Global
	GlobalSection(SolutionConfigurationPlatforms) = preSolution
		Debug|Any CPU = Debug|Any CPU
		Release|Any CPU = Release|Any CPU
	EndGlobalSection
	GlobalSection(ProjectConfigurationPlatforms) = postSolution
		{AD52EF19-DE50-41BE-BCB5-CD48EC0BA3AB}.Debug|Any CPU.ActiveCfg = Debug|Any CPU
		{AD52EF19-DE50-41BE-BCB5-CD48EC0BA3AB}.Debug|Any CPU.Build.0 = Debug|Any CPU
		{AD52EF19-DE50-41BE-BCB5-CD48EC0BA3AB}.Release|Any CPU.ActiveCfg = Release|Any CPU
		{AD52EF19-DE50-41BE-BCB5-CD48EC0BA3AB}.Release|Any CPU.Build.0 = Release|Any CPU
		{9BE082C1-BE2F-4E12-8A91-B4FBEA3CD66D}.Debug|Any CPU.ActiveCfg = Debug|Any CPU
		{9BE082C1-BE2F-4E12-8A91-B4FBEA3CD66D}.Debug|Any CPU.Build.0 = Debug|Any CPU
		{9BE082C1-BE2F-4E12-8A91-B4FBEA3CD66D}.Release|Any CPU.ActiveCfg = Release|Any CPU
		{9BE082C1-BE2F-4E12-8A91-B4FBEA3CD66D}.Release|Any CPU.Build.0 = Release|Any CPU
		{30B5428A-D4EE-4B62-AA9A-87DCB1855182}.Debug|Any CPU.ActiveCfg = Debug|Any CPU
		{30B5428A-D4EE-4B62-AA9A-87DCB1855182}.Debug|Any CPU.Build.0 = Debug|Any CPU
		{30B5428A-D4EE-4B62-AA9A-87DCB1855182}.Release|Any CPU.ActiveCfg = Release|Any CPU
		{30B5428A-D4EE-4B62-AA9A-87DCB1855182}.Release|Any CPU.Build.0 = Release|Any CPU
		{E22E5F5B-CFC7-4DBD-9405-C74F01256D14}.Debug|Any CPU.ActiveCfg = Debug|Any CPU
		{E22E5F5B-CFC7-4DBD-9405-C74F01256D14}.Debug|Any CPU.Build.0 = Debug|Any CPU
		{E22E5F5B-CFC7-4DBD-9405-C74F01256D14}.Release|Any CPU.ActiveCfg = Release|Any CPU
		{E22E5F5B-CFC7-4DBD-9405-C74F01256D14}.Release|Any CPU.Build.0 = Release|Any CPU
		{9371A4E4-20AF-4A73-A0DF-7924667254FC}.Debug|Any CPU.ActiveCfg = Debug|Any CPU
		{9371A4E4-20AF-4A73-A0DF-7924667254FC}.Debug|Any CPU.Build.0 = Debug|Any CPU
		{9371A4E4-20AF-4A73-A0DF-7924667254FC}.Release|Any CPU.ActiveCfg = Release|Any CPU
		{9371A4E4-20AF-4A73-A0DF-7924667254FC}.Release|Any CPU.Build.0 = Release|Any CPU
	EndGlobalSection
	GlobalSection(SolutionProperties) = preSolution
		HideSolutionNode = FALSE
	EndGlobalSection
	GlobalSection(ExtensibilityGlobals) = postSolution
		SolutionGuid = {4F44FC0D-85D5-4685-99B0-CFB170690C30}
	EndGlobalSection
EndGlobal
